{
  "# Shared development environment for this gem.\n# Local overrides belong in .env.local (loaded via dotenvy through mise).": [
    {
      "file": "mise.toml",
      "lines": [
        1,
        3
      ]
    }
  ],
  "appraisal: \"current\"\nexec_cmd: \"rake test\"": [
    {
      "file": ".github/workflows/current.yml",
      "lines": [
        42,
        49,
        56
      ]
    }
  ]
}
