{
  "spec/kettle/jem/prism_utils_spec.rb:4002625895": [
    [284, 3, 1338, "RSpec/RepeatedExampleGroupDescription: Repeated describe block description on line(s) [389]", 1268226439],
    [320, 3, 869, "RSpec/RepeatedExampleGroupDescription: Repeated describe block description on line(s) [424]", 2853336854],
    [389, 3, 1269, "RSpec/RepeatedExampleGroupDescription: Repeated describe block description on line(s) [284]", 2401572380],
    [424, 3, 1142, "RSpec/RepeatedExampleGroupDescription: Repeated describe block description on line(s) [320]", 3133300725]
  ],
  "spec/kettle/jem/tasks/self_test_task_spec.rb:315119483": [
    [188, 7, 52, "RSpec/ReceiveMessages: Use `receive_messages` instead of multiple stubs on lines [189].", 35485579],
    [189, 7, 123, "RSpec/ReceiveMessages: Use `receive_messages` instead of multiple stubs on lines [188].", 2511234337],
    [192, 7, 48, "RSpec/ReceiveMessages: Use `receive_messages` instead of multiple stubs on lines [193].", 3347126845],
    [193, 7, 61, "RSpec/ReceiveMessages: Use `receive_messages` instead of multiple stubs on lines [192].", 3477158243],
    [204, 7, 71, "RSpec/ReceiveMessages: Use `receive_messages` instead of multiple stubs on lines [205].", 335035447],
    [205, 7, 123, "RSpec/ReceiveMessages: Use `receive_messages` instead of multiple stubs on lines [204].", 2511234337],
    [220, 7, 52, "RSpec/ReceiveMessages: Use `receive_messages` instead of multiple stubs on lines [221].", 35485579],
    [221, 7, 123, "RSpec/ReceiveMessages: Use `receive_messages` instead of multiple stubs on lines [220].", 2511234337],
    [233, 5, 585, "RSpec/NoExpectationExample: No expectation found in this example.", 1302076719],
    [234, 7, 52, "RSpec/ReceiveMessages: Use `receive_messages` instead of multiple stubs on lines [235].", 35485579],
    [235, 7, 217, "RSpec/ReceiveMessages: Use `receive_messages` instead of multiple stubs on lines [234].", 3672037970],
    [249, 7, 52, "RSpec/ReceiveMessages: Use `receive_messages` instead of multiple stubs on lines [250].", 35485579],
    [250, 7, 123, "RSpec/ReceiveMessages: Use `receive_messages` instead of multiple stubs on lines [249].", 3898130241],
    [253, 7, 78, "RSpec/ReceiveMessages: Use `receive_messages` instead of multiple stubs on lines [254].", 3838842552],
    [254, 7, 61, "RSpec/ReceiveMessages: Use `receive_messages` instead of multiple stubs on lines [253].", 3477158243],
    [264, 7, 52, "RSpec/ReceiveMessages: Use `receive_messages` instead of multiple stubs on lines [265].", 35485579],
    [265, 7, 123, "RSpec/ReceiveMessages: Use `receive_messages` instead of multiple stubs on lines [264].", 3898130241],
    [268, 7, 48, "RSpec/ReceiveMessages: Use `receive_messages` instead of multiple stubs on lines [269].", 3347126845],
    [269, 7, 61, "RSpec/ReceiveMessages: Use `receive_messages` instead of multiple stubs on lines [268].", 3477158243],
    [278, 7, 52, "RSpec/ReceiveMessages: Use `receive_messages` instead of multiple stubs on lines [279].", 35485579],
    [279, 7, 114, "RSpec/ReceiveMessages: Use `receive_messages` instead of multiple stubs on lines [278].", 635360858],
    [290, 7, 52, "RSpec/ReceiveMessages: Use `receive_messages` instead of multiple stubs on lines [291].", 35485579],
    [291, 7, 127, "RSpec/ReceiveMessages: Use `receive_messages` instead of multiple stubs on lines [290].", 3456679755],
    [294, 7, 48, "RSpec/ReceiveMessages: Use `receive_messages` instead of multiple stubs on lines [295].", 3347126845],
    [295, 7, 61, "RSpec/ReceiveMessages: Use `receive_messages` instead of multiple stubs on lines [294].", 3477158243],
    [302, 7, 52, "RSpec/ReceiveMessages: Use `receive_messages` instead of multiple stubs on lines [303].", 35485579],
    [303, 7, 128, "RSpec/ReceiveMessages: Use `receive_messages` instead of multiple stubs on lines [302].", 1104333817],
    [306, 7, 48, "RSpec/ReceiveMessages: Use `receive_messages` instead of multiple stubs on lines [307].", 3347126845],
    [307, 7, 61, "RSpec/ReceiveMessages: Use `receive_messages` instead of multiple stubs on lines [306].", 3477158243]
  ]
}
