{
  "spec/kettle/jem/presets/gemspec_spec.rb:2959894346": [
    [131, 29, 20, "Style/StringLiterals: Prefer double-quoted strings unless you need single quotes to avoid extra backslashes for escaping.", 2971549720],
    [171, 29, 28, "Style/StringLiterals: Prefer double-quoted strings unless you need single quotes to avoid extra backslashes for escaping.", 1980391072]
  ],
  "spec/kettle/jem/presets/rakefile_spec.rb:1522302357": [
    [53, 5, 211, "RSpec/RepeatedExampleGroupDescription: Repeated context block description on line(s) [145]", 3812645741],
    [145, 5, 214, "RSpec/RepeatedExampleGroupDescription: Repeated context block description on line(s) [53]", 1713728725]
  ],
  "spec/kettle/jem/version_gem_bootstrap_spec.rb:2303152442": [
    [286, 7, 96, "RSpec/SubjectStub: Do not stub methods of the object under test.", 1812047695],
    [287, 7, 92, "RSpec/SubjectStub: Do not stub methods of the object under test.", 25284281]
  ]
}
